
Microsoft Visual Studio Solution File, Format Version 12.00
# Visual Studio Version 17
VisualStudioVersion = 17.14.36414.22 d17.14
MinimumVisualStudioVersion = 10.0.40219.1
Project("{FAE04EC0-301F-11D3-BF4B-00C04F79EFBC}") = "guiaMVC1", "guiaMVC1\guiaMVC1.csproj", "{9E31F28A-B33F-4AB6-B88F-EAD1B7DF4F75}"
EndProject
Global
	GlobalSection(SolutionConfigurationPlatforms) = preSolution
		Debug|Any CPU = Debug|Any CPU
		Release|Any CPU = Release|Any CPU
	EndGlobalSection
	GlobalSection(ProjectConfigurationPlatforms) = postSolution
		{9E31F28A-B33F-4AB6-B88F-EAD1B7DF4F75}.Debug|Any CPU.ActiveCfg = Debug|Any CPU
		{9E31F28A-B33F-4AB6-B88F-EAD1B7DF4F75}.Debug|Any CPU.Build.0 = Debug|Any CPU
		{9E31F28A-B33F-4AB6-B88F-EAD1B7DF4F75}.Release|Any CPU.ActiveCfg = Release|Any CPU
		{9E31F28A-B33F-4AB6-B88F-EAD1B7DF4F75}.Release|Any CPU.Build.0 = Release|Any CPU
	EndGlobalSection
	GlobalSection(SolutionProperties) = preSolution
		HideSolutionNode = FALSE
	EndGlobalSection
	GlobalSection(ExtensibilityGlobals) = postSolution
		SolutionGuid = {F70C956C-5DFF-4789-A7FE-4E3FAA7D7D5D}
	EndGlobalSection
EndGlobal
